
Microsoft Visual Studio Solution File, Format Version 12.00
# Visual Studio Version 17
VisualStudioVersion = 17.10.34928.147
MinimumVisualStudioVersion = 10.0.40219.1
Project("{FAE04EC0-301F-11D3-BF4B-00C04F79EFBC}") = "ChaBook", "ChaBook\ChaBook.csproj", "{4F95CB8C-97BD-4917-8362-1C7E8A7408B3}"
EndProject
Global
	GlobalSection(SolutionConfigurationPlatforms) = preSolution
		Debug|Any CPU = Debug|Any CPU
		Release|Any CPU = Release|Any CPU
	EndGlobalSection
	GlobalSection(ProjectConfigurationPlatforms) = postSolution
		{4F95CB8C-97BD-4917-8362-1C7E8A7408B3}.Debug|Any CPU.ActiveCfg = Debug|Any CPU
		{4F95CB8C-97BD-4917-8362-1C7E8A7408B3}.Debug|Any CPU.Build.0 = Debug|Any CPU
		{4F95CB8C-97BD-4917-8362-1C7E8A7408B3}.Release|Any CPU.ActiveCfg = Release|Any CPU
		{4F95CB8C-97BD-4917-8362-1C7E8A7408B3}.Release|Any CPU.Build.0 = Release|Any CPU
	EndGlobalSection
	GlobalSection(SolutionProperties) = preSolution
		HideSolutionNode = FALSE
	EndGlobalSection
	GlobalSection(ExtensibilityGlobals) = postSolution
		SolutionGuid = {85CBF8D7-7AD7-49B7-B8B0-9F4AA4AA08D4}
	EndGlobalSection
EndGlobal
